
Microsoft Visual Studio Solution File, Format Version 12.00
# Visual Studio 14
VisualStudioVersion = 14.0.25420.1
MinimumVisualStudioVersion = 10.0.40219.1
Project("{8BC9CEB8-8B4A-11D0-8D11-00A0C91BC942}") = "dreadmake", "dreadmake.vcxproj", "{17A922EB-C55D-48F8-BC4A-9713DD0E4868}"
EndProject
Global
	GlobalSection(SolutionConfigurationPlatforms) = preSolution
		A1200|Exe = A1200|Exe
		A1200|Floppy = A1200|Floppy
		A1200|x64 = A1200|x64
		A1200|x86 = A1200|x86
		A4000-60|Exe = A4000-60|Exe
		A4000-60|Floppy = A4000-60|Floppy
		A4000-60|x64 = A4000-60|x64
		A4000-60|x86 = A4000-60|x86
		A500|Exe = A500|Exe
		A500|Floppy = A500|Floppy
		A500|x64 = A500|x64
		A500|x86 = A500|x86
		Bootloader|Exe = Bootloader|Exe
		Bootloader|Floppy = Bootloader|Floppy
		Bootloader|x64 = Bootloader|x64
		Bootloader|x86 = Bootloader|x86
		Bootloader-A500|Exe = Bootloader-A500|Exe
		Bootloader-A500|Floppy = Bootloader-A500|Floppy
		Bootloader-A500|x64 = Bootloader-A500|x64
		Bootloader-A500|x86 = Bootloader-A500|x86
		Debug|Exe = Debug|Exe
		Debug|Floppy = Debug|Floppy
		Debug|x64 = Debug|x64
		Debug|x86 = Debug|x86
		Release|Exe = Release|Exe
		Release|Floppy = Release|Floppy
		Release|x64 = Release|x64
		Release|x86 = Release|x86
		ST|Exe = ST|Exe
		ST|Floppy = ST|Floppy
		ST|x64 = ST|x64
		ST|x86 = ST|x86
		STe|Exe = STe|Exe
		STe|Floppy = STe|Floppy
		STe|x64 = STe|x64
		STe|x86 = STe|x86
	EndGlobalSection
	GlobalSection(ProjectConfigurationPlatforms) = postSolution
		{17A922EB-C55D-48F8-BC4A-9713DD0E4868}.A1200|Exe.ActiveCfg = A1200|Win32
		{17A922EB-C55D-48F8-BC4A-9713DD0E4868}.A1200|Floppy.ActiveCfg = A1200|Win32
		{17A922EB-C55D-48F8-BC4A-9713DD0E4868}.A1200|x64.ActiveCfg = A1200|x64
		{17A922EB-C55D-48F8-BC4A-9713DD0E4868}.A1200|x64.Build.0 = A1200|x64
		{17A922EB-C55D-48F8-BC4A-9713DD0E4868}.A1200|x86.ActiveCfg = A1200|Win32
		{17A922EB-C55D-48F8-BC4A-9713DD0E4868}.A1200|x86.Build.0 = A1200|Win32
		{17A922EB-C55D-48F8-BC4A-9713DD0E4868}.A4000-60|Exe.ActiveCfg = A4000-60|Win32
		{17A922EB-C55D-48F8-BC4A-9713DD0E4868}.A4000-60|Floppy.ActiveCfg = A4000-60|Win32
		{17A922EB-C55D-48F8-BC4A-9713DD0E4868}.A4000-60|x64.ActiveCfg = A4000-60|x64
		{17A922EB-C55D-48F8-BC4A-9713DD0E4868}.A4000-60|x64.Build.0 = A4000-60|x64
		{17A922EB-C55D-48F8-BC4A-9713DD0E4868}.A4000-60|x86.ActiveCfg = A4000-60|Win32
		{17A922EB-C55D-48F8-BC4A-9713DD0E4868}.A4000-60|x86.Build.0 = A4000-60|Win32
		{17A922EB-C55D-48F8-BC4A-9713DD0E4868}.A500|Exe.ActiveCfg = A500|Win32
		{17A922EB-C55D-48F8-BC4A-9713DD0E4868}.A500|Exe.Build.0 = A500|Win32
		{17A922EB-C55D-48F8-BC4A-9713DD0E4868}.A500|Floppy.ActiveCfg = A500|Win32
		{17A922EB-C55D-48F8-BC4A-9713DD0E4868}.A500|Floppy.Build.0 = A500|Win32
		{17A922EB-C55D-48F8-BC4A-9713DD0E4868}.A500|x64.ActiveCfg = A500|x64
		{17A922EB-C55D-48F8-BC4A-9713DD0E4868}.A500|x64.Build.0 = A500|x64
		{17A922EB-C55D-48F8-BC4A-9713DD0E4868}.A500|x86.ActiveCfg = A500|Win32
		{17A922EB-C55D-48F8-BC4A-9713DD0E4868}.A500|x86.Build.0 = A500|Win32
		{17A922EB-C55D-48F8-BC4A-9713DD0E4868}.Bootloader|Exe.ActiveCfg = Bootloader|Win32
		{17A922EB-C55D-48F8-BC4A-9713DD0E4868}.Bootloader|Floppy.ActiveCfg = Bootloader|Win32
		{17A922EB-C55D-48F8-BC4A-9713DD0E4868}.Bootloader|x64.ActiveCfg = Bootloader|x64
		{17A922EB-C55D-48F8-BC4A-9713DD0E4868}.Bootloader|x64.Build.0 = Bootloader|x64
		{17A922EB-C55D-48F8-BC4A-9713DD0E4868}.Bootloader|x86.ActiveCfg = Bootloader|Win32
		{17A922EB-C55D-48F8-BC4A-9713DD0E4868}.Bootloader|x86.Build.0 = Bootloader|Win32
		{17A922EB-C55D-48F8-BC4A-9713DD0E4868}.Bootloader-A500|Exe.ActiveCfg = Bootloader-A500|Win32
		{17A922EB-C55D-48F8-BC4A-9713DD0E4868}.Bootloader-A500|Floppy.ActiveCfg = Bootloader-A500|Win32
		{17A922EB-C55D-48F8-BC4A-9713DD0E4868}.Bootloader-A500|x64.ActiveCfg = Bootloader-A500|x64
		{17A922EB-C55D-48F8-BC4A-9713DD0E4868}.Bootloader-A500|x64.Build.0 = Bootloader-A500|x64
		{17A922EB-C55D-48F8-BC4A-9713DD0E4868}.Bootloader-A500|x86.ActiveCfg = Bootloader-A500|Win32
		{17A922EB-C55D-48F8-BC4A-9713DD0E4868}.Bootloader-A500|x86.Build.0 = Bootloader-A500|Win32
		{17A922EB-C55D-48F8-BC4A-9713DD0E4868}.Debug|Exe.ActiveCfg = Debug|Win32
		{17A922EB-C55D-48F8-BC4A-9713DD0E4868}.Debug|Floppy.ActiveCfg = Debug|Win32
		{17A922EB-C55D-48F8-BC4A-9713DD0E4868}.Debug|x64.ActiveCfg = Debug|x64
		{17A922EB-C55D-48F8-BC4A-9713DD0E4868}.Debug|x64.Build.0 = Debug|x64
		{17A922EB-C55D-48F8-BC4A-9713DD0E4868}.Debug|x86.ActiveCfg = Debug|Win32
		{17A922EB-C55D-48F8-BC4A-9713DD0E4868}.Debug|x86.Build.0 = Debug|Win32
		{17A922EB-C55D-48F8-BC4A-9713DD0E4868}.Release|Exe.ActiveCfg = Release|Win32
		{17A922EB-C55D-48F8-BC4A-9713DD0E4868}.Release|Floppy.ActiveCfg = Release|Win32
		{17A922EB-C55D-48F8-BC4A-9713DD0E4868}.Release|x64.ActiveCfg = Release|x64
		{17A922EB-C55D-48F8-BC4A-9713DD0E4868}.Release|x64.Build.0 = Release|x64
		{17A922EB-C55D-48F8-BC4A-9713DD0E4868}.Release|x86.ActiveCfg = Release|Win32
		{17A922EB-C55D-48F8-BC4A-9713DD0E4868}.Release|x86.Build.0 = Release|Win32
		{17A922EB-C55D-48F8-BC4A-9713DD0E4868}.ST|Exe.ActiveCfg = ST|Win32
		{17A922EB-C55D-48F8-BC4A-9713DD0E4868}.ST|Floppy.ActiveCfg = ST|Win32
		{17A922EB-C55D-48F8-BC4A-9713DD0E4868}.ST|x64.ActiveCfg = ST|x64
		{17A922EB-C55D-48F8-BC4A-9713DD0E4868}.ST|x64.Build.0 = ST|x64
		{17A922EB-C55D-48F8-BC4A-9713DD0E4868}.ST|x86.ActiveCfg = ST|Win32
		{17A922EB-C55D-48F8-BC4A-9713DD0E4868}.ST|x86.Build.0 = ST|Win32
		{17A922EB-C55D-48F8-BC4A-9713DD0E4868}.STe|Exe.ActiveCfg = STe|Win32
		{17A922EB-C55D-48F8-BC4A-9713DD0E4868}.STe|Floppy.ActiveCfg = STe|Win32
		{17A922EB-C55D-48F8-BC4A-9713DD0E4868}.STe|x64.ActiveCfg = STe|x64
		{17A922EB-C55D-48F8-BC4A-9713DD0E4868}.STe|x64.Build.0 = STe|x64
		{17A922EB-C55D-48F8-BC4A-9713DD0E4868}.STe|x86.ActiveCfg = STe|Win32
		{17A922EB-C55D-48F8-BC4A-9713DD0E4868}.STe|x86.Build.0 = STe|Win32
	EndGlobalSection
	GlobalSection(SolutionProperties) = preSolution
		HideSolutionNode = FALSE
	EndGlobalSection
EndGlobal
