
Microsoft Visual Studio Solution File, Format Version 12.00
# Visual Studio 14
VisualStudioVersion = 14.0.25420.1
MinimumVisualStudioVersion = 10.0.40219.1
Project("{8BC9CEB8-8B4A-11D0-8D11-00A0C91BC942}") = "dreadtool", "dreadtool.vcxproj", "{6D9207D1-1DCF-4E56-8FD7-EE12DA383941}"
EndProject
Global
	GlobalSection(SolutionConfigurationPlatforms) = preSolution
		Debug|x64 = Debug|x64
		Debug|x86 = Debug|x86
		Release Alt|x64 = Release Alt|x64
		Release Alt|x86 = Release Alt|x86
		Release Tsak KK|x64 = Release Tsak KK|x64
		Release Tsak KK|x86 = Release Tsak KK|x86
		Release Tsak|x64 = Release Tsak|x64
		Release Tsak|x86 = Release Tsak|x86
		Release|x64 = Release|x64
		Release|x86 = Release|x86
	EndGlobalSection
	GlobalSection(ProjectConfigurationPlatforms) = postSolution
		{6D9207D1-1DCF-4E56-8FD7-EE12DA383941}.Debug|x64.ActiveCfg = Debug|x64
		{6D9207D1-1DCF-4E56-8FD7-EE12DA383941}.Debug|x64.Build.0 = Debug|x64
		{6D9207D1-1DCF-4E56-8FD7-EE12DA383941}.Debug|x86.ActiveCfg = Debug|Win32
		{6D9207D1-1DCF-4E56-8FD7-EE12DA383941}.Debug|x86.Build.0 = Debug|Win32
		{6D9207D1-1DCF-4E56-8FD7-EE12DA383941}.Release Alt|x64.ActiveCfg = Release Alt|x64
		{6D9207D1-1DCF-4E56-8FD7-EE12DA383941}.Release Alt|x64.Build.0 = Release Alt|x64
		{6D9207D1-1DCF-4E56-8FD7-EE12DA383941}.Release Alt|x86.ActiveCfg = Release Alt|Win32
		{6D9207D1-1DCF-4E56-8FD7-EE12DA383941}.Release Alt|x86.Build.0 = Release Alt|Win32
		{6D9207D1-1DCF-4E56-8FD7-EE12DA383941}.Release Tsak KK|x64.ActiveCfg = Release Tsak KK|x64
		{6D9207D1-1DCF-4E56-8FD7-EE12DA383941}.Release Tsak KK|x64.Build.0 = Release Tsak KK|x64
		{6D9207D1-1DCF-4E56-8FD7-EE12DA383941}.Release Tsak KK|x86.ActiveCfg = Release Tsak KK|Win32
		{6D9207D1-1DCF-4E56-8FD7-EE12DA383941}.Release Tsak KK|x86.Build.0 = Release Tsak KK|Win32
		{6D9207D1-1DCF-4E56-8FD7-EE12DA383941}.Release Tsak|x64.ActiveCfg = Release Tsak|x64
		{6D9207D1-1DCF-4E56-8FD7-EE12DA383941}.Release Tsak|x64.Build.0 = Release Tsak|x64
		{6D9207D1-1DCF-4E56-8FD7-EE12DA383941}.Release Tsak|x86.ActiveCfg = Release Tsak|Win32
		{6D9207D1-1DCF-4E56-8FD7-EE12DA383941}.Release Tsak|x86.Build.0 = Release Tsak|Win32
		{6D9207D1-1DCF-4E56-8FD7-EE12DA383941}.Release|x64.ActiveCfg = Release|x64
		{6D9207D1-1DCF-4E56-8FD7-EE12DA383941}.Release|x64.Build.0 = Release|x64
		{6D9207D1-1DCF-4E56-8FD7-EE12DA383941}.Release|x86.ActiveCfg = Release|Win32
		{6D9207D1-1DCF-4E56-8FD7-EE12DA383941}.Release|x86.Build.0 = Release|Win32
	EndGlobalSection
	GlobalSection(SolutionProperties) = preSolution
		HideSolutionNode = FALSE
	EndGlobalSection
EndGlobal
